
Microsoft Visual Studio Solution File, Format Version 12.00
# Visual Studio Version 16
VisualStudioVersion = 16.0.28705.295
MinimumVisualStudioVersion = 10.0.40219.1
Project("{9A19103F-16F7-4668-BE54-9A1E7A4F7556}") = "API", "API\API.csproj", "{C5B28D79-91A3-470B-AB9D-2A648B877724}"
EndProject
Project("{9A19103F-16F7-4668-BE54-9A1E7A4F7556}") = "DB", "DB\DB.csproj", "{7D6B136A-B9B5-4B12-87DA-CE7477A67657}"
EndProject
Global
	GlobalSection(SolutionConfigurationPlatforms) = preSolution
		Debug|Any CPU = Debug|Any CPU
		Release|Any CPU = Release|Any CPU
	EndGlobalSection
	GlobalSection(ProjectConfigurationPlatforms) = postSolution
		{C5B28D79-91A3-470B-AB9D-2A648B877724}.Debug|Any CPU.ActiveCfg = Debug|Any CPU
		{C5B28D79-91A3-470B-AB9D-2A648B877724}.Debug|Any CPU.Build.0 = Debug|Any CPU
		{C5B28D79-91A3-470B-AB9D-2A648B877724}.Release|Any CPU.ActiveCfg = Release|Any CPU
		{C5B28D79-91A3-470B-AB9D-2A648B877724}.Release|Any CPU.Build.0 = Release|Any CPU
		{7D6B136A-B9B5-4B12-87DA-CE7477A67657}.Debug|Any CPU.ActiveCfg = Debug|Any CPU
		{7D6B136A-B9B5-4B12-87DA-CE7477A67657}.Debug|Any CPU.Build.0 = Debug|Any CPU
		{7D6B136A-B9B5-4B12-87DA-CE7477A67657}.Release|Any CPU.ActiveCfg = Release|Any CPU
		{7D6B136A-B9B5-4B12-87DA-CE7477A67657}.Release|Any CPU.Build.0 = Release|Any CPU
	EndGlobalSection
	GlobalSection(SolutionProperties) = preSolution
		HideSolutionNode = FALSE
	EndGlobalSection
	GlobalSection(ExtensibilityGlobals) = postSolution
		SolutionGuid = {798D95C6-049E-4430-8931-CDF6D4AFA342}
	EndGlobalSection
EndGlobal
